// !$*UTF8*$!
{
	archiveVersion = 1;
	classes = {
	};
	objectVersion = 46;
	objects = {

/* Begin PBXBuildFile section */
		264C5E8E1BC6154D00FFE293 /* earthcloudmap.jpg in Resources */ = {isa = PBXBuildFile; fileRef = 264C5E8D1BC6154D00FFE293 /* earthcloudmap.jpg */; settings = {ASSET_TAGS = (); }; };
		264C5E901BC6181300FFE293 /* moonmap4k.jpg in Resources */ = {isa = PBXBuildFile; fileRef = 264C5E8F1BC6181300FFE293 /* moonmap4k.jpg */; settings = {ASSET_TAGS = (); }; };
		264C5E921BC6196100FFE293 /* cloudalpha.jpg in Resources */ = {isa = PBXBuildFile; fileRef = 264C5E911BC6196100FFE293 /* cloudalpha.jpg */; settings = {ASSET_TAGS = (); }; };
		264C5E961BC61D4F00FFE293 /* earthlights.jpg in Resources */ = {isa = PBXBuildFile; fileRef = 264C5E951BC61D4F00FFE293 /* earthlights.jpg */; settings = {ASSET_TAGS = (); }; };
		26A4A9DD1BBA302700EBECA6 /* AppDelegate.swift in Sources */ = {isa = PBXBuildFile; fileRef = 26A4A9DC1BBA302700EBECA6 /* AppDelegate.swift */; };
		26A4A9DF1BBA302700EBECA6 /* GameScene.sks in Resources */ = {isa = PBXBuildFile; fileRef = 26A4A9DE1BBA302700EBECA6 /* GameScene.sks */; };
		26A4A9E11BBA302700EBECA6 /* GameScene.swift in Sources */ = {isa = PBXBuildFile; fileRef = 26A4A9E01BBA302700EBECA6 /* GameScene.swift */; };
		26A4A9E31BBA302700EBECA6 /* GameViewController.swift in Sources */ = {isa = PBXBuildFile; fileRef = 26A4A9E21BBA302700EBECA6 /* GameViewController.swift */; };
		26A4A9E61BBA302700EBECA6 /* Main.storyboard in Resources */ = {isa = PBXBuildFile; fileRef = 26A4A9E41BBA302700EBECA6 /* Main.storyboard */; };
		26A4A9E81BBA302700EBECA6 /* Assets.xcassets in Resources */ = {isa = PBXBuildFile; fileRef = 26A4A9E71BBA302700EBECA6 /* Assets.xcassets */; };
		26A4A9EB1BBA302700EBECA6 /* LaunchScreen.storyboard in Resources */ = {isa = PBXBuildFile; fileRef = 26A4A9E91BBA302700EBECA6 /* LaunchScreen.storyboard */; };
		26A4A9F61BBA302700EBECA6 /* GPURayTracingTests.swift in Sources */ = {isa = PBXBuildFile; fileRef = 26A4A9F51BBA302700EBECA6 /* GPURayTracingTests.swift */; };
		26A4AA011BBA302700EBECA6 /* GPURayTracingUITests.swift in Sources */ = {isa = PBXBuildFile; fileRef = 26A4AA001BBA302700EBECA6 /* GPURayTracingUITests.swift */; };
		26A4AA0F1BBA321100EBECA6 /* RayTracer.fsh in Resources */ = {isa = PBXBuildFile; fileRef = 26A4AA0E1BBA321100EBECA6 /* RayTracer.fsh */; settings = {ASSET_TAGS = (); }; };
		26A4AA101BBA321100EBECA6 /* RayTracer.fsh in Resources */ = {isa = PBXBuildFile; fileRef = 26A4AA0E1BBA321100EBECA6 /* RayTracer.fsh */; settings = {ASSET_TAGS = (); }; };
		26A4AA111BBA321100EBECA6 /* RayTracer.fsh in Resources */ = {isa = PBXBuildFile; fileRef = 26A4AA0E1BBA321100EBECA6 /* RayTracer.fsh */; settings = {ASSET_TAGS = (); }; };
		26A4AA131BBA326800EBECA6 /* tile.png in Resources */ = {isa = PBXBuildFile; fileRef = 26A4AA121BBA326800EBECA6 /* tile.png */; settings = {ASSET_TAGS = (); }; };
		26A4AA141BBA326800EBECA6 /* tile.png in Resources */ = {isa = PBXBuildFile; fileRef = 26A4AA121BBA326800EBECA6 /* tile.png */; settings = {ASSET_TAGS = (); }; };
		26A4AA151BBA326800EBECA6 /* tile.png in Resources */ = {isa = PBXBuildFile; fileRef = 26A4AA121BBA326800EBECA6 /* tile.png */; settings = {ASSET_TAGS = (); }; };
		26F250041BC5CE71008F0181 /* mars2.jpg in Resources */ = {isa = PBXBuildFile; fileRef = 26F250031BC5CE71008F0181 /* mars2.jpg */; settings = {ASSET_TAGS = (); }; };
		26F250061BC5D284008F0181 /* earth.jpg in Resources */ = {isa = PBXBuildFile; fileRef = 26F250051BC5D284008F0181 /* earth.jpg */; settings = {ASSET_TAGS = (); }; };
/* End PBXBuildFile section */

/* Begin PBXContainerItemProxy section */
		26A4A9F21BBA302700EBECA6 /* PBXContainerItemProxy */ = {
			isa = PBXContainerItemProxy;
			containerPortal = 26A4A9D11BBA302700EBECA6 /* Project object */;
			proxyType = 1;
			remoteGlobalIDString = 26A4A9D81BBA302700EBECA6;
			remoteInfo = GPURayTracing;
		};
		26A4A9FD1BBA302700EBECA6 /* PBXContainerItemProxy */ = {
			isa = PBXContainerItemProxy;
			containerPortal = 26A4A9D11BBA302700EBECA6 /* Project object */;
			proxyType = 1;
			remoteGlobalIDString = 26A4A9D81BBA302700EBECA6;
			remoteInfo = GPURayTracing;
		};
/* End PBXContainerItemProxy section */

/* Begin PBXFileReference section */
		264C5E8D1BC6154D00FFE293 /* earthcloudmap.jpg */ = {isa = PBXFileReference; lastKnownFileType = image.jpeg; path = earthcloudmap.jpg; sourceTree = "<group>"; };
		264C5E8F1BC6181300FFE293 /* moonmap4k.jpg */ = {isa = PBXFileReference; lastKnownFileType = image.jpeg; path = moonmap4k.jpg; sourceTree = "<group>"; };
		264C5E911BC6196100FFE293 /* cloudalpha.jpg */ = {isa = PBXFileReference; lastKnownFileType = image.jpeg; path = cloudalpha.jpg; sourceTree = "<group>"; };
		264C5E951BC61D4F00FFE293 /* earthlights.jpg */ = {isa = PBXFileReference; lastKnownFileType = image.jpeg; path = earthlights.jpg; sourceTree = "<group>"; };
		26A4A9D91BBA302700EBECA6 /* GPURayTracing.app */ = {isa = PBXFileReference; explicitFileType = wrapper.application; includeInIndex = 0; path = GPURayTracing.app; sourceTree = BUILT_PRODUCTS_DIR; };
		26A4A9DC1BBA302700EBECA6 /* AppDelegate.swift */ = {isa = PBXFileReference; lastKnownFileType = sourcecode.swift; path = AppDelegate.swift; sourceTree = "<group>"; };
		26A4A9DE1BBA302700EBECA6 /* GameScene.sks */ = {isa = PBXFileReference; lastKnownFileType = file.sks; path = GameScene.sks; sourceTree = "<group>"; };
		26A4A9E01BBA302700EBECA6 /* GameScene.swift */ = {isa = PBXFileReference; lastKnownFileType = sourcecode.swift; path = GameScene.swift; sourceTree = "<group>"; };
		26A4A9E21BBA302700EBECA6 /* GameViewController.swift */ = {isa = PBXFileReference; lastKnownFileType = sourcecode.swift; path = GameViewController.swift; sourceTree = "<group>"; };
		26A4A9E51BBA302700EBECA6 /* Base */ = {isa = PBXFileReference; lastKnownFileType = file.storyboard; name = Base; path = Base.lproj/Main.storyboard; sourceTree = "<group>"; };
		26A4A9E71BBA302700EBECA6 /* Assets.xcassets */ = {isa = PBXFileReference; lastKnownFileType = folder.assetcatalog; path = Assets.xcassets; sourceTree = "<group>"; };
		26A4A9EA1BBA302700EBECA6 /* Base */ = {isa = PBXFileReference; lastKnownFileType = file.storyboard; name = Base; path = Base.lproj/LaunchScreen.storyboard; sourceTree = "<group>"; };
		26A4A9EC1BBA302700EBECA6 /* Info.plist */ = {isa = PBXFileReference; lastKnownFileType = text.plist.xml; path = Info.plist; sourceTree = "<group>"; };
		26A4A9F11BBA302700EBECA6 /* GPURayTracingTests.xctest */ = {isa = PBXFileReference; explicitFileType = wrapper.cfbundle; includeInIndex = 0; path = GPURayTracingTests.xctest; sourceTree = BUILT_PRODUCTS_DIR; };
		26A4A9F51BBA302700EBECA6 /* GPURayTracingTests.swift */ = {isa = PBXFileReference; lastKnownFileType = sourcecode.swift; path = GPURayTracingTests.swift; sourceTree = "<group>"; };
		26A4A9F71BBA302700EBECA6 /* Info.plist */ = {isa = PBXFileReference; lastKnownFileType = text.plist.xml; path = Info.plist; sourceTree = "<group>"; };
		26A4A9FC1BBA302700EBECA6 /* GPURayTracingUITests.xctest */ = {isa = PBXFileReference; explicitFileType = wrapper.cfbundle; includeInIndex = 0; path = GPURayTracingUITests.xctest; sourceTree = BUILT_PRODUCTS_DIR; };
		26A4AA001BBA302700EBECA6 /* GPURayTracingUITests.swift */ = {isa = PBXFileReference; lastKnownFileType = sourcecode.swift; path = GPURayTracingUITests.swift; sourceTree = "<group>"; };
		26A4AA021BBA302700EBECA6 /* Info.plist */ = {isa = PBXFileReference; lastKnownFileType = text.plist.xml; path = Info.plist; sourceTree = "<group>"; };
		26A4AA0E1BBA321100EBECA6 /* RayTracer.fsh */ = {isa = PBXFileReference; fileEncoding = 4; lastKnownFileType = sourcecode.glsl; path = RayTracer.fsh; sourceTree = "<group>"; };
		26A4AA121BBA326800EBECA6 /* tile.png */ = {isa = PBXFileReference; lastKnownFileType = image.png; path = tile.png; sourceTree = "<group>"; };
		26F250031BC5CE71008F0181 /* mars2.jpg */ = {isa = PBXFileReference; lastKnownFileType = image.jpeg; path = mars2.jpg; sourceTree = "<group>"; };
		26F250051BC5D284008F0181 /* earth.jpg */ = {isa = PBXFileReference; lastKnownFileType = image.jpeg; path = earth.jpg; sourceTree = "<group>"; };
/* End PBXFileReference section */

/* Begin PBXFrameworksBuildPhase section */
		26A4A9D61BBA302700EBECA6 /* Frameworks */ = {
			isa = PBXFrameworksBuildPhase;
			buildActionMask = 2147483647;
			files = (
			);
			runOnlyForDeploymentPostprocessing = 0;
		};
		26A4A9EE1BBA302700EBECA6 /* Frameworks */ = {
			isa = PBXFrameworksBuildPhase;
			buildActionMask = 2147483647;
			files = (
			);
			runOnlyForDeploymentPostprocessing = 0;
		};
		26A4A9F91BBA302700EBECA6 /* Frameworks */ = {
			isa = PBXFrameworksBuildPhase;
			buildActionMask = 2147483647;
			files = (
			);
			runOnlyForDeploymentPostprocessing = 0;
		};
/* End PBXFrameworksBuildPhase section */

/* Begin PBXGroup section */
		26A4A9D01BBA302700EBECA6 = {
			isa = PBXGroup;
			children = (
				26A4A9DB1BBA302700EBECA6 /* GPURayTracing */,
				26A4A9F41BBA302700EBECA6 /* GPURayTracingTests */,
				26A4A9FF1BBA302700EBECA6 /* GPURayTracingUITests */,
				26A4A9DA1BBA302700EBECA6 /* Products */,
			);
			sourceTree = "<group>";
		};
		26A4A9DA1BBA302700EBECA6 /* Products */ = {
			isa = PBXGroup;
			children = (
				26A4A9D91BBA302700EBECA6 /* GPURayTracing.app */,
				26A4A9F11BBA302700EBECA6 /* GPURayTracingTests.xctest */,
				26A4A9FC1BBA302700EBECA6 /* GPURayTracingUITests.xctest */,
			);
			name = Products;
			sourceTree = "<group>";
		};
		26A4A9DB1BBA302700EBECA6 /* GPURayTracing */ = {
			isa = PBXGroup;
			children = (
				26F250031BC5CE71008F0181 /* mars2.jpg */,
				264C5E8F1BC6181300FFE293 /* moonmap4k.jpg */,
				26F250051BC5D284008F0181 /* earth.jpg */,
				264C5E911BC6196100FFE293 /* cloudalpha.jpg */,
				264C5E951BC61D4F00FFE293 /* earthlights.jpg */,
				264C5E8D1BC6154D00FFE293 /* earthcloudmap.jpg */,
				26A4AA121BBA326800EBECA6 /* tile.png */,
				26A4A9DC1BBA302700EBECA6 /* AppDelegate.swift */,
				26A4A9DE1BBA302700EBECA6 /* GameScene.sks */,
				26A4A9E01BBA302700EBECA6 /* GameScene.swift */,
				26A4A9E21BBA302700EBECA6 /* GameViewController.swift */,
				26A4A9E41BBA302700EBECA6 /* Main.storyboard */,
				26A4A9E71BBA302700EBECA6 /* Assets.xcassets */,
				26A4A9E91BBA302700EBECA6 /* LaunchScreen.storyboard */,
				26A4A9EC1BBA302700EBECA6 /* Info.plist */,
				26A4AA0E1BBA321100EBECA6 /* RayTracer.fsh */,
			);
			path = GPURayTracing;
			sourceTree = "<group>";
		};
		26A4A9F41BBA302700EBECA6 /* GPURayTracingTests */ = {
			isa = PBXGroup;
			children = (
				26A4A9F51BBA302700EBECA6 /* GPURayTracingTests.swift */,
				26A4A9F71BBA302700EBECA6 /* Info.plist */,
			);
			path = GPURayTracingTests;
			sourceTree = "<group>";
		};
		26A4A9FF1BBA302700EBECA6 /* GPURayTracingUITests */ = {
			isa = PBXGroup;
			children = (
				26A4AA001BBA302700EBECA6 /* GPURayTracingUITests.swift */,
				26A4AA021BBA302700EBECA6 /* Info.plist */,
			);
			path = GPURayTracingUITests;
			sourceTree = "<group>";
		};
/* End PBXGroup section */

/* Begin PBXNativeTarget section */
		26A4A9D81BBA302700EBECA6 /* GPURayTracing */ = {
			isa = PBXNativeTarget;
			buildConfigurationList = 26A4AA051BBA302700EBECA6 /* Build configuration list for PBXNativeTarget "GPURayTracing" */;
			buildPhases = (
				26A4A9D51BBA302700EBECA6 /* Sources */,
				26A4A9D61BBA302700EBECA6 /* Frameworks */,
				26A4A9D71BBA302700EBECA6 /* Resources */,
			);
			buildRules = (
			);
			dependencies = (
			);
			name = GPURayTracing;
			productName = GPURayTracing;
			productReference = 26A4A9D91BBA302700EBECA6 /* GPURayTracing.app */;
			productType = "com.apple.product-type.application";
		};
		26A4A9F01BBA302700EBECA6 /* GPURayTracingTests */ = {
			isa = PBXNativeTarget;
			buildConfigurationList = 26A4AA081BBA302700EBECA6 /* Build configuration list for PBXNativeTarget "GPURayTracingTests" */;
			buildPhases = (
				26A4A9ED1BBA302700EBECA6 /* Sources */,
				26A4A9EE1BBA302700EBECA6 /* Frameworks */,
				26A4A9EF1BBA302700EBECA6 /* Resources */,
			);
			buildRules = (
			);
			dependencies = (
				26A4A9F31BBA302700EBECA6 /* PBXTargetDependency */,
			);
			name = GPURayTracingTests;
			productName = GPURayTracingTests;
			productReference = 26A4A9F11BBA302700EBECA6 /* GPURayTracingTests.xctest */;
			productType = "com.apple.product-type.bundle.unit-test";
		};
		26A4A9FB1BBA302700EBECA6 /* GPURayTracingUITests */ = {
			isa = PBXNativeTarget;
			buildConfigurationList = 26A4AA0B1BBA302700EBECA6 /* Build configuration list for PBXNativeTarget "GPURayTracingUITests" */;
			buildPhases = (
				26A4A9F81BBA302700EBECA6 /* Sources */,
				26A4A9F91BBA302700EBECA6 /* Frameworks */,
				26A4A9FA1BBA302700EBECA6 /* Resources */,
			);
			buildRules = (
			);
			dependencies = (
				26A4A9FE1BBA302700EBECA6 /* PBXTargetDependency */,
			);
			name = GPURayTracingUITests;
			productName = GPURayTracingUITests;
			productReference = 26A4A9FC1BBA302700EBECA6 /* GPURayTracingUITests.xctest */;
			productType = "com.apple.product-type.bundle.ui-testing";
		};
/* End PBXNativeTarget section */

/* Begin PBXProject section */
		26A4A9D11BBA302700EBECA6 /* Project object */ = {
			isa = PBXProject;
			attributes = {
				LastUpgradeCheck = 0700;
				ORGANIZATIONNAME = "Appcylon LLC";
				TargetAttributes = {
					26A4A9D81BBA302700EBECA6 = {
						CreatedOnToolsVersion = 7.0;
						DevelopmentTeam = LTDZZL7R2Q;
					};
					26A4A9F01BBA302700EBECA6 = {
						CreatedOnToolsVersion = 7.0;
						TestTargetID = 26A4A9D81BBA302700EBECA6;
					};
					26A4A9FB1BBA302700EBECA6 = {
						CreatedOnToolsVersion = 7.0;
						TestTargetID = 26A4A9D81BBA302700EBECA6;
					};
				};
			};
			buildConfigurationList = 26A4A9D41BBA302700EBECA6 /* Build configuration list for PBXProject "GPURayTracing" */;
			compatibilityVersion = "Xcode 3.2";
			developmentRegion = English;
			hasScannedForEncodings = 0;
			knownRegions = (
				en,
				Base,
			);
			mainGroup = 26A4A9D01BBA302700EBECA6;
			productRefGroup = 26A4A9DA1BBA302700EBECA6 /* Products */;
			projectDirPath = "";
			projectRoot = "";
			targets = (
				26A4A9D81BBA302700EBECA6 /* GPURayTracing */,
				26A4A9F01BBA302700EBECA6 /* GPURayTracingTests */,
				26A4A9FB1BBA302700EBECA6 /* GPURayTracingUITests */,
			);
		};
/* End PBXProject section */

/* Begin PBXResourcesBuildPhase section */
		26A4A9D71BBA302700EBECA6 /* Resources */ = {
			isa = PBXResourcesBuildPhase;
			buildActionMask = 2147483647;
			files = (
				26A4A9DF1BBA302700EBECA6 /* GameScene.sks in Resources */,
				26A4A9EB1BBA302700EBECA6 /* LaunchScreen.storyboard in Resources */,
				26A4AA0F1BBA321100EBECA6 /* RayTracer.fsh in Resources */,
				26A4A9E81BBA302700EBECA6 /* Assets.xcassets in Resources */,
				26F250061BC5D284008F0181 /* earth.jpg in Resources */,
				264C5E961BC61D4F00FFE293 /* earthlights.jpg in Resources */,
				264C5E921BC6196100FFE293 /* cloudalpha.jpg in Resources */,
				26A4A9E61BBA302700EBECA6 /* Main.storyboard in Resources */,
				264C5E901BC6181300FFE293 /* moonmap4k.jpg in Resources */,
				264C5E8E1BC6154D00FFE293 /* earthcloudmap.jpg in Resources */,
				26F250041BC5CE71008F0181 /* mars2.jpg in Resources */,
				26A4AA131BBA326800EBECA6 /* tile.png in Resources */,
			);
			runOnlyForDeploymentPostprocessing = 0;
		};
		26A4A9EF1BBA302700EBECA6 /* Resources */ = {
			isa = PBXResourcesBuildPhase;
			buildActionMask = 2147483647;
			files = (
				26A4AA101BBA321100EBECA6 /* RayTracer.fsh in Resources */,
				26A4AA141BBA326800EBECA6 /* tile.png in Resources */,
			);
			runOnlyForDeploymentPostprocessing = 0;
		};
		26A4A9FA1BBA302700EBECA6 /* Resources */ = {
			isa = PBXResourcesBuildPhase;
			buildActionMask = 2147483647;
			files = (
				26A4AA111BBA321100EBECA6 /* RayTracer.fsh in Resources */,
				26A4AA151BBA326800EBECA6 /* tile.png in Resources */,
			);
			runOnlyForDeploymentPostprocessing = 0;
		};
/* End PBXResourcesBuildPhase section */

/* Begin PBXSourcesBuildPhase section */
		26A4A9D51BBA302700EBECA6 /* Sources */ = {
			isa = PBXSourcesBuildPhase;
			buildActionMask = 2147483647;
			files = (
				26A4A9E11BBA302700EBECA6 /* GameScene.swift in Sources */,
				26A4A9E31BBA302700EBECA6 /* GameViewController.swift in Sources */,
				26A4A9DD1BBA302700EBECA6 /* AppDelegate.swift in Sources */,
			);
			runOnlyForDeploymentPostprocessing = 0;
		};
		26A4A9ED1BBA302700EBECA6 /* Sources */ = {
			isa = PBXSourcesBuildPhase;
			buildActionMask = 2147483647;
			files = (
				26A4A9F61BBA302700EBECA6 /* GPURayTracingTests.swift in Sources */,
			);
			runOnlyForDeploymentPostprocessing = 0;
		};
		26A4A9F81BBA302700EBECA6 /* Sources */ = {
			isa = PBXSourcesBuildPhase;
			buildActionMask = 2147483647;
			files = (
				26A4AA011BBA302700EBECA6 /* GPURayTracingUITests.swift in Sources */,
			);
			runOnlyForDeploymentPostprocessing = 0;
		};
/* End PBXSourcesBuildPhase section */

/* Begin PBXTargetDependency section */
		26A4A9F31BBA302700EBECA6 /* PBXTargetDependency */ = {
			isa = PBXTargetDependency;
			target = 26A4A9D81BBA302700EBECA6 /* GPURayTracing */;
			targetProxy = 26A4A9F21BBA302700EBECA6 /* PBXContainerItemProxy */;
		};
		26A4A9FE1BBA302700EBECA6 /* PBXTargetDependency */ = {
			isa = PBXTargetDependency;
			target = 26A4A9D81BBA302700EBECA6 /* GPURayTracing */;
			targetProxy = 26A4A9FD1BBA302700EBECA6 /* PBXContainerItemProxy */;
		};
/* End PBXTargetDependency section */

/* Begin PBXVariantGroup section */
		26A4A9E41BBA302700EBECA6 /* Main.storyboard */ = {
			isa = PBXVariantGroup;
			children = (
				26A4A9E51BBA302700EBECA6 /* Base */,
			);
			name = Main.storyboard;
			sourceTree = "<group>";
		};
		26A4A9E91BBA302700EBECA6 /* LaunchScreen.storyboard */ = {
			isa = PBXVariantGroup;
			children = (
				26A4A9EA1BBA302700EBECA6 /* Base */,
			);
			name = LaunchScreen.storyboard;
			sourceTree = "<group>";
		};
/* End PBXVariantGroup section */

/* Begin XCBuildConfiguration section */
		26A4AA031BBA302700EBECA6 /* Debug */ = {
			isa = XCBuildConfiguration;
			buildSettings = {
				ALWAYS_SEARCH_USER_PATHS = NO;
				CLANG_CXX_LANGUAGE_STANDARD = "gnu++0x";
				CLANG_CXX_LIBRARY = "libc++";
				CLANG_ENABLE_MODULES = YES;
				CLANG_ENABLE_OBJC_ARC = YES;
				CLANG_WARN_BOOL_CONVERSION = YES;
				CLANG_WARN_CONSTANT_CONVERSION = YES;
				CLANG_WARN_DIRECT_OBJC_ISA_USAGE = YES_ERROR;
				CLANG_WARN_EMPTY_BODY = YES;
				CLANG_WARN_ENUM_CONVERSION = YES;
				CLANG_WARN_INT_CONVERSION = YES;
				CLANG_WARN_OBJC_ROOT_CLASS = YES_ERROR;
				CLANG_WARN_UNREACHABLE_CODE = YES;
				CLANG_WARN__DUPLICATE_METHOD_MATCH = YES;
				"CODE_SIGN_IDENTITY[sdk=iphoneos*]" = "iPhone Developer";
				COPY_PHASE_STRIP = NO;
				DEBUG_INFORMATION_FORMAT = "dwarf-with-dsym";
				ENABLE_STRICT_OBJC_MSGSEND = YES;
				ENABLE_TESTABILITY = YES;
				GCC_C_LANGUAGE_STANDARD = gnu99;
				GCC_DYNAMIC_NO_PIC = NO;
				GCC_NO_COMMON_BLOCKS = YES;
				GCC_OPTIMIZATION_LEVEL = 0;
				GCC_PREPROCESSOR_DEFINITIONS = (
					"DEBUG=1",
					"$(inherited)",
				);
				GCC_WARN_64_TO_32_BIT_CONVERSION = YES;
				GCC_WARN_ABOUT_RETURN_TYPE = YES_ERROR;
				GCC_WARN_UNDECLARED_SELECTOR = YES;
				GCC_WARN_UNINITIALIZED_AUTOS = YES_AGGRESSIVE;
				GCC_WARN_UNUSED_FUNCTION = YES;
				GCC_WARN_UNUSED_VARIABLE = YES;
				IPHONEOS_DEPLOYMENT_TARGET = 9.0;
				MTL_ENABLE_DEBUG_INFO = YES;
				ONLY_ACTIVE_ARCH = YES;
				SDKROOT = iphoneos;
				SWIFT_OPTIMIZATION_LEVEL = "-Onone";
				TARGETED_DEVICE_FAMILY = "1,2";
			};
			name = Debug;
		};
		26A4AA041BBA302700EBECA6 /* Release */ = {
			isa = XCBuildConfiguration;
			buildSettings = {
				ALWAYS_SEARCH_USER_PATHS = NO;
				CLANG_CXX_LANGUAGE_STANDARD = "gnu++0x";
				CLANG_CXX_LIBRARY = "libc++";
				CLANG_ENABLE_MODULES = YES;
				CLANG_ENABLE_OBJC_ARC = YES;
				CLANG_WARN_BOOL_CONVERSION = YES;
				CLANG_WARN_CONSTANT_CONVERSION = YES;
				CLANG_WARN_DIRECT_OBJC_ISA_USAGE = YES_ERROR;
				CLANG_WARN_EMPTY_BODY = YES;
				CLANG_WARN_ENUM_CONVERSION = YES;
				CLANG_WARN_INT_CONVERSION = YES;
				CLANG_WARN_OBJC_ROOT_CLASS = YES_ERROR;
				CLANG_WARN_UNREACHABLE_CODE = YES;
				CLANG_WARN__DUPLICATE_METHOD_MATCH = YES;
				"CODE_SIGN_IDENTITY[sdk=iphoneos*]" = "iPhone Developer";
				COPY_PHASE_STRIP = NO;
				DEBUG_INFORMATION_FORMAT = "dwarf-with-dsym";
				ENABLE_NS_ASSERTIONS = NO;
				ENABLE_STRICT_OBJC_MSGSEND = YES;
				GCC_C_LANGUAGE_STANDARD = gnu99;
				GCC_NO_COMMON_BLOCKS = YES;
				GCC_WARN_64_TO_32_BIT_CONVERSION = YES;
				GCC_WARN_ABOUT_RETURN_TYPE = YES_ERROR;
				GCC_WARN_UNDECLARED_SELECTOR = YES;
				GCC_WARN_UNINITIALIZED_AUTOS = YES_AGGRESSIVE;
				GCC_WARN_UNUSED_FUNCTION = YES;
				GCC_WARN_UNUSED_VARIABLE = YES;
				IPHONEOS_DEPLOYMENT_TARGET = 9.0;
				MTL_ENABLE_DEBUG_INFO = NO;
				SDKROOT = iphoneos;
				TARGETED_DEVICE_FAMILY = "1,2";
				VALIDATE_PRODUCT = YES;
			};
			name = Release;
		};
		26A4AA061BBA302700EBECA6 /* Debug */ = {
			isa = XCBuildConfiguration;
			buildSettings = {
				ASSETCATALOG_COMPILER_APPICON_NAME = AppIcon;
				CODE_SIGN_IDENTITY = "iPhone Developer";
				"CODE_SIGN_IDENTITY[sdk=iphoneos*]" = "iPhone Developer";
				INFOPLIST_FILE = GPURayTracing/Info.plist;
				LD_RUNPATH_SEARCH_PATHS = "$(inherited) @executable_path/Frameworks";
				PRODUCT_BUNDLE_IDENTIFIER = Appcylon.GPURayTracing;
				PRODUCT_NAME = "$(TARGET_NAME)";
				PROVISIONING_PROFILE = "";
			};
			name = Debug;
		};
		26A4AA071BBA302700EBECA6 /* Release */ = {
			isa = XCBuildConfiguration;
			buildSettings = {
				ASSETCATALOG_COMPILER_APPICON_NAME = AppIcon;
				CODE_SIGN_IDENTITY = "iPhone Developer";
				"CODE_SIGN_IDENTITY[sdk=iphoneos*]" = "iPhone Developer";
				INFOPLIST_FILE = GPURayTracing/Info.plist;
				LD_RUNPATH_SEARCH_PATHS = "$(inherited) @executable_path/Frameworks";
				PRODUCT_BUNDLE_IDENTIFIER = Appcylon.GPURayTracing;
				PRODUCT_NAME = "$(TARGET_NAME)";
				PROVISIONING_PROFILE = "";
			};
			name = Release;
		};
		26A4AA091BBA302700EBECA6 /* Debug */ = {
			isa = XCBuildConfiguration;
			buildSettings = {
				BUNDLE_LOADER = "$(TEST_HOST)";
				DEBUG_INFORMATION_FORMAT = dwarf;
				INFOPLIST_FILE = GPURayTracingTests/Info.plist;
				LD_RUNPATH_SEARCH_PATHS = "$(inherited) @executable_path/Frameworks @loader_path/Frameworks";
				PRODUCT_BUNDLE_IDENTIFIER = Appcylon.GPURayTracingTests;
				PRODUCT_NAME = "$(TARGET_NAME)";
				TEST_HOST = "$(BUILT_PRODUCTS_DIR)/GPURayTracing.app/GPURayTracing";
			};
			name = Debug;
		};
		26A4AA0A1BBA302700EBECA6 /* Release */ = {
			isa = XCBuildConfiguration;
			buildSettings = {
				BUNDLE_LOADER = "$(TEST_HOST)";
				INFOPLIST_FILE = GPURayTracingTests/Info.plist;
				LD_RUNPATH_SEARCH_PATHS = "$(inherited) @executable_path/Frameworks @loader_path/Frameworks";
				PRODUCT_BUNDLE_IDENTIFIER = Appcylon.GPURayTracingTests;
				PRODUCT_NAME = "$(TARGET_NAME)";
				TEST_HOST = "$(BUILT_PRODUCTS_DIR)/GPURayTracing.app/GPURayTracing";
			};
			name = Release;
		};
		26A4AA0C1BBA302700EBECA6 /* Debug */ = {
			isa = XCBuildConfiguration;
			buildSettings = {
				DEBUG_INFORMATION_FORMAT = dwarf;
				INFOPLIST_FILE = GPURayTracingUITests/Info.plist;
				LD_RUNPATH_SEARCH_PATHS = "$(inherited) @executable_path/Frameworks @loader_path/Frameworks";
				PRODUCT_BUNDLE_IDENTIFIER = Appcylon.GPURayTracingUITests;
				PRODUCT_NAME = "$(TARGET_NAME)";
				TEST_TARGET_NAME = GPURayTracing;
				USES_XCTRUNNER = YES;
			};
			name = Debug;
		};
		26A4AA0D1BBA302700EBECA6 /* Release */ = {
			isa = XCBuildConfiguration;
			buildSettings = {
				INFOPLIST_FILE = GPURayTracingUITests/Info.plist;
				LD_RUNPATH_SEARCH_PATHS = "$(inherited) @executable_path/Frameworks @loader_path/Frameworks";
				PRODUCT_BUNDLE_IDENTIFIER = Appcylon.GPURayTracingUITests;
				PRODUCT_NAME = "$(TARGET_NAME)";
				TEST_TARGET_NAME = GPURayTracing;
				USES_XCTRUNNER = YES;
			};
			name = Release;
		};
/* End XCBuildConfiguration section */

/* Begin XCConfigurationList section */
		26A4A9D41BBA302700EBECA6 /* Build configuration list for PBXProject "GPURayTracing" */ = {
			isa = XCConfigurationList;
			buildConfigurations = (
				26A4AA031BBA302700EBECA6 /* Debug */,
				26A4AA041BBA302700EBECA6 /* Release */,
			);
			defaultConfigurationIsVisible = 0;
			defaultConfigurationName = Release;
		};
		26A4AA051BBA302700EBECA6 /* Build configuration list for PBXNativeTarget "GPURayTracing" */ = {
			isa = XCConfigurationList;
			buildConfigurations = (
				26A4AA061BBA302700EBECA6 /* Debug */,
				26A4AA071BBA302700EBECA6 /* Release */,
			);
			defaultConfigurationIsVisible = 0;
			defaultConfigurationName = Release;
		};
		26A4AA081BBA302700EBECA6 /* Build configuration list for PBXNativeTarget "GPURayTracingTests" */ = {
			isa = XCConfigurationList;
			buildConfigurations = (
				26A4AA091BBA302700EBECA6 /* Debug */,
				26A4AA0A1BBA302700EBECA6 /* Release */,
			);
			defaultConfigurationIsVisible = 0;
			defaultConfigurationName = Release;
		};
		26A4AA0B1BBA302700EBECA6 /* Build configuration list for PBXNativeTarget "GPURayTracingUITests" */ = {
			isa = XCConfigurationList;
			buildConfigurations = (
				26A4AA0C1BBA302700EBECA6 /* Debug */,
				26A4AA0D1BBA302700EBECA6 /* Release */,
			);
			defaultConfigurationIsVisible = 0;
			defaultConfigurationName = Release;
		};
/* End XCConfigurationList section */
	};
	rootObject = 26A4A9D11BBA302700EBECA6 /* Project object */;
}
